{
    "name": "my-portfolio",
    "version": "0.1.0",
    "lockfileVersion": 2,
    "requires": true,
    "packages": {
      "": {
        "name": "my-portfolio",
        "version": "0.1.0",
        "dependencies": {
          "@craco/craco": "^5.9.0",
          "@heroicons/react": "^1.0.1",
          "react": "^17.0.2",
          "react-dom": "^17.0.2",
          "react-scripts": "^1.1.5"
        },
        "devDependencies": {
          "autoprefixer": "^9.8.6",
          "postcss": "^7.0.36",
          "tailwindcss": "npm:@tailwindcss/postcss7-compat@^2.0.2"
        }
      },
      "node_modules/@craco/craco": {
        "version": "5.9.0",
        "resolved": "https://registry.npmjs.org/@craco/craco/-/craco-5.9.0.tgz",
        "integrity": "sha512-2Q8gIB4W0/nPiUxr9iAKUhGsFlXYN0/wngUdK1VWtfV2NtBv+yllNn2AjieaLbttgpQinuOYmDU65vocC0NMDg==",
        "dependencies": {
          "cross-spawn": "^7.0.0",
          "lodash": "^4.17.15",
          "webpack-merge": "^4.2.2"
        },
        "bin": {
          "craco": "bin/craco.js"
        },
        "engines": {
          "node": ">=6"
        },
        "peerDependencies": {
          "react-scripts": "*"
        }
      },
      
  
      "node_modules/@heroicons/react": {
        "version": "1.0.1",
        "resolved": "https://registry.npmjs.org/@heroicons/react/-/react-1.0.1.tgz",
        "integrity": "sha512-uikw2gKCmqnvjVxitecWfFLMOKyL9BTFcU4VM3hHj9OMwpkCr5Ke+MRMyY2/aQVmsYs4VTq7NCFX05MYwAHi3g==",
        "peerDependencies": {
          "react": ">= 16"
        }
      }
    }
}

